// !$*UTF8*$!
{
	archiveVersion = 1;
	classes = {
	};
	objectVersion = 55;
	objects = {

/* Begin PBXBuildFile section */
		206B068A28710E4800569E59 /* SwiftUINavigationApp.swift in Sources */ = {isa = PBXBuildFile; fileRef = 206B068928710E4800569E59 /* SwiftUINavigationApp.swift */; };
		206B068C28710E4800569E59 /* ContentView.swift in Sources */ = {isa = PBXBuildFile; fileRef = 206B068B28710E4800569E59 /* ContentView.swift */; };
		206B068E28710E4B00569E59 /* Assets.xcassets in Resources */ = {isa = PBXBuildFile; fileRef = 206B068D28710E4B00569E59 /* Assets.xcassets */; };
		206B069128710E4B00569E59 /* Preview Assets.xcassets in Resources */ = {isa = PBXBuildFile; fileRef = 206B069028710E4B00569E59 /* Preview Assets.xcassets */; };
		206B069B28710E4C00569E59 /* SwiftUINavigationTests.swift in Sources */ = {isa = PBXBuildFile; fileRef = 206B069A28710E4C00569E59 /* SwiftUINavigationTests.swift */; };
		206B06A528710E4C00569E59 /* SwiftUINavigationUITests.swift in Sources */ = {isa = PBXBuildFile; fileRef = 206B06A428710E4C00569E59 /* SwiftUINavigationUITests.swift */; };
		206B06A728710E4C00569E59 /* SwiftUINavigationUITestsLaunchTests.swift in Sources */ = {isa = PBXBuildFile; fileRef = 206B06A628710E4C00569E59 /* SwiftUINavigationUITestsLaunchTests.swift */; };
		20FF37992871B79A0072A803 /* Inventory.swift in Sources */ = {isa = PBXBuildFile; fileRef = 20FF37982871B79A0072A803 /* Inventory.swift */; };
		20FF379C2871C6590072A803 /* IdentifiedCollections in Frameworks */ = {isa = PBXBuildFile; productRef = 20FF379B2871C6590072A803 /* IdentifiedCollections */; };
		20FF379E2871D1F00072A803 /* SwiftUIHelpers.swift in Sources */ = {isa = PBXBuildFile; fileRef = 20FF379D2871D1F00072A803 /* SwiftUIHelpers.swift */; };
		20FF37A02871EAD70072A803 /* ItemView.swift in Sources */ = {isa = PBXBuildFile; fileRef = 20FF379F2871EAD70072A803 /* ItemView.swift */; };
		20FF37A3287201BE0072A803 /* CasePaths in Frameworks */ = {isa = PBXBuildFile; productRef = 20FF37A2287201BE0072A803 /* CasePaths */; };
		20FF37A528723E960072A803 /* ItemRow.swift in Sources */ = {isa = PBXBuildFile; fileRef = 20FF37A428723E960072A803 /* ItemRow.swift */; };
/* End PBXBuildFile section */

/* Begin PBXContainerItemProxy section */
		206B069728710E4C00569E59 /* PBXContainerItemProxy */ = {
			isa = PBXContainerItemProxy;
			containerPortal = 206B067E28710E4800569E59 /* Project object */;
			proxyType = 1;
			remoteGlobalIDString = 206B068528710E4800569E59;
			remoteInfo = SwiftUINavigation;
		};
		206B06A128710E4C00569E59 /* PBXContainerItemProxy */ = {
			isa = PBXContainerItemProxy;
			containerPortal = 206B067E28710E4800569E59 /* Project object */;
			proxyType = 1;
			remoteGlobalIDString = 206B068528710E4800569E59;
			remoteInfo = SwiftUINavigation;
		};
/* End PBXContainerItemProxy section */

/* Begin PBXFileReference section */
		206B068628710E4800569E59 /* SwiftUINavigation.app */ = {isa = PBXFileReference; explicitFileType = wrapper.application; includeInIndex = 0; path = SwiftUINavigation.app; sourceTree = BUILT_PRODUCTS_DIR; };
		206B068928710E4800569E59 /* SwiftUINavigationApp.swift */ = {isa = PBXFileReference; lastKnownFileType = sourcecode.swift; path = SwiftUINavigationApp.swift; sourceTree = "<group>"; };
		206B068B28710E4800569E59 /* ContentView.swift */ = {isa = PBXFileReference; lastKnownFileType = sourcecode.swift; path = ContentView.swift; sourceTree = "<group>"; };
		206B068D28710E4B00569E59 /* Assets.xcassets */ = {isa = PBXFileReference; lastKnownFileType = folder.assetcatalog; path = Assets.xcassets; sourceTree = "<group>"; };
		206B069028710E4B00569E59 /* Preview Assets.xcassets */ = {isa = PBXFileReference; lastKnownFileType = folder.assetcatalog; path = "Preview Assets.xcassets"; sourceTree = "<group>"; };
		206B069628710E4C00569E59 /* SwiftUINavigationTests.xctest */ = {isa = PBXFileReference; explicitFileType = wrapper.cfbundle; includeInIndex = 0; path = SwiftUINavigationTests.xctest; sourceTree = BUILT_PRODUCTS_DIR; };
		206B069A28710E4C00569E59 /* SwiftUINavigationTests.swift */ = {isa = PBXFileReference; lastKnownFileType = sourcecode.swift; path = SwiftUINavigationTests.swift; sourceTree = "<group>"; };
		206B06A028710E4C00569E59 /* SwiftUINavigationUITests.xctest */ = {isa = PBXFileReference; explicitFileType = wrapper.cfbundle; includeInIndex = 0; path = SwiftUINavigationUITests.xctest; sourceTree = BUILT_PRODUCTS_DIR; };
		206B06A428710E4C00569E59 /* SwiftUINavigationUITests.swift */ = {isa = PBXFileReference; lastKnownFileType = sourcecode.swift; path = SwiftUINavigationUITests.swift; sourceTree = "<group>"; };
		206B06A628710E4C00569E59 /* SwiftUINavigationUITestsLaunchTests.swift */ = {isa = PBXFileReference; lastKnownFileType = sourcecode.swift; path = SwiftUINavigationUITestsLaunchTests.swift; sourceTree = "<group>"; };
		20FF37982871B79A0072A803 /* Inventory.swift */ = {isa = PBXFileReference; lastKnownFileType = sourcecode.swift; path = Inventory.swift; sourceTree = "<group>"; };
		20FF379D2871D1F00072A803 /* SwiftUIHelpers.swift */ = {isa = PBXFileReference; lastKnownFileType = sourcecode.swift; path = SwiftUIHelpers.swift; sourceTree = "<group>"; };
		20FF379F2871EAD70072A803 /* ItemView.swift */ = {isa = PBXFileReference; lastKnownFileType = sourcecode.swift; path = ItemView.swift; sourceTree = "<group>"; };
		20FF37A428723E960072A803 /* ItemRow.swift */ = {isa = PBXFileReference; lastKnownFileType = sourcecode.swift; path = ItemRow.swift; sourceTree = "<group>"; };
/* End PBXFileReference section */

/* Begin PBXFrameworksBuildPhase section */
		206B068328710E4800569E59 /* Frameworks */ = {
			isa = PBXFrameworksBuildPhase;
			buildActionMask = 2147483647;
			files = (
				20FF379C2871C6590072A803 /* IdentifiedCollections in Frameworks */,
				20FF37A3287201BE0072A803 /* CasePaths in Frameworks */,
			);
			runOnlyForDeploymentPostprocessing = 0;
		};
		206B069328710E4C00569E59 /* Frameworks */ = {
			isa = PBXFrameworksBuildPhase;
			buildActionMask = 2147483647;
			files = (
			);
			runOnlyForDeploymentPostprocessing = 0;
		};
		206B069D28710E4C00569E59 /* Frameworks */ = {
			isa = PBXFrameworksBuildPhase;
			buildActionMask = 2147483647;
			files = (
			);
			runOnlyForDeploymentPostprocessing = 0;
		};
/* End PBXFrameworksBuildPhase section */

/* Begin PBXGroup section */
		206B067D28710E4800569E59 = {
			isa = PBXGroup;
			children = (
				206B068828710E4800569E59 /* SwiftUINavigation */,
				206B069928710E4C00569E59 /* SwiftUINavigationTests */,
				206B06A328710E4C00569E59 /* SwiftUINavigationUITests */,
				206B068728710E4800569E59 /* Products */,
			);
			sourceTree = "<group>";
		};
		206B068728710E4800569E59 /* Products */ = {
			isa = PBXGroup;
			children = (
				206B068628710E4800569E59 /* SwiftUINavigation.app */,
				206B069628710E4C00569E59 /* SwiftUINavigationTests.xctest */,
				206B06A028710E4C00569E59 /* SwiftUINavigationUITests.xctest */,
			);
			name = Products;
			sourceTree = "<group>";
		};
		206B068828710E4800569E59 /* SwiftUINavigation */ = {
			isa = PBXGroup;
			children = (
				206B068928710E4800569E59 /* SwiftUINavigationApp.swift */,
				206B068B28710E4800569E59 /* ContentView.swift */,
				20FF37982871B79A0072A803 /* Inventory.swift */,
				20FF37A428723E960072A803 /* ItemRow.swift */,
				20FF379F2871EAD70072A803 /* ItemView.swift */,
				20FF379D2871D1F00072A803 /* SwiftUIHelpers.swift */,
				206B068D28710E4B00569E59 /* Assets.xcassets */,
				206B068F28710E4B00569E59 /* Preview Content */,
			);
			path = SwiftUINavigation;
			sourceTree = "<group>";
		};
		206B068F28710E4B00569E59 /* Preview Content */ = {
			isa = PBXGroup;
			children = (
				206B069028710E4B00569E59 /* Preview Assets.xcassets */,
			);
			path = "Preview Content";
			sourceTree = "<group>";
		};
		206B069928710E4C00569E59 /* SwiftUINavigationTests */ = {
			isa = PBXGroup;
			children = (
				206B069A28710E4C00569E59 /* SwiftUINavigationTests.swift */,
			);
			path = SwiftUINavigationTests;
			sourceTree = "<group>";
		};
		206B06A328710E4C00569E59 /* SwiftUINavigationUITests */ = {
			isa = PBXGroup;
			children = (
				206B06A428710E4C00569E59 /* SwiftUINavigationUITests.swift */,
				206B06A628710E4C00569E59 /* SwiftUINavigationUITestsLaunchTests.swift */,
			);
			path = SwiftUINavigationUITests;
			sourceTree = "<group>";
		};
/* End PBXGroup section */

/* Begin PBXNativeTarget section */
		206B068528710E4800569E59 /* SwiftUINavigation */ = {
			isa = PBXNativeTarget;
			buildConfigurationList = 206B06AA28710E4C00569E59 /* Build configuration list for PBXNativeTarget "SwiftUINavigation" */;
			buildPhases = (
				206B068228710E4800569E59 /* Sources */,
				206B068328710E4800569E59 /* Frameworks */,
				206B068428710E4800569E59 /* Resources */,
			);
			buildRules = (
			);
			dependencies = (
			);
			name = SwiftUINavigation;
			packageProductDependencies = (
				20FF379B2871C6590072A803 /* IdentifiedCollections */,
				20FF37A2287201BE0072A803 /* CasePaths */,
			);
			productName = SwiftUINavigation;
			productReference = 206B068628710E4800569E59 /* SwiftUINavigation.app */;
			productType = "com.apple.product-type.application";
		};
		206B069528710E4C00569E59 /* SwiftUINavigationTests */ = {
			isa = PBXNativeTarget;
			buildConfigurationList = 206B06AD28710E4C00569E59 /* Build configuration list for PBXNativeTarget "SwiftUINavigationTests" */;
			buildPhases = (
				206B069228710E4C00569E59 /* Sources */,
				206B069328710E4C00569E59 /* Frameworks */,
				206B069428710E4C00569E59 /* Resources */,
			);
			buildRules = (
			);
			dependencies = (
				206B069828710E4C00569E59 /* PBXTargetDependency */,
			);
			name = SwiftUINavigationTests;
			productName = SwiftUINavigationTests;
			productReference = 206B069628710E4C00569E59 /* SwiftUINavigationTests.xctest */;
			productType = "com.apple.product-type.bundle.unit-test";
		};
		206B069F28710E4C00569E59 /* SwiftUINavigationUITests */ = {
			isa = PBXNativeTarget;
			buildConfigurationList = 206B06B028710E4C00569E59 /* Build configuration list for PBXNativeTarget "SwiftUINavigationUITests" */;
			buildPhases = (
				206B069C28710E4C00569E59 /* Sources */,
				206B069D28710E4C00569E59 /* Frameworks */,
				206B069E28710E4C00569E59 /* Resources */,
			);
			buildRules = (
			);
			dependencies = (
				206B06A228710E4C00569E59 /* PBXTargetDependency */,
			);
			name = SwiftUINavigationUITests;
			productName = SwiftUINavigationUITests;
			productReference = 206B06A028710E4C00569E59 /* SwiftUINavigationUITests.xctest */;
			productType = "com.apple.product-type.bundle.ui-testing";
		};
/* End PBXNativeTarget section */

/* Begin PBXProject section */
		206B067E28710E4800569E59 /* Project object */ = {
			isa = PBXProject;
			attributes = {
				BuildIndependentTargetsInParallel = 1;
				LastSwiftUpdateCheck = 1340;
				LastUpgradeCheck = 1340;
				TargetAttributes = {
					206B068528710E4800569E59 = {
						CreatedOnToolsVersion = 13.4;
					};
					206B069528710E4C00569E59 = {
						CreatedOnToolsVersion = 13.4;
						TestTargetID = 206B068528710E4800569E59;
					};
					206B069F28710E4C00569E59 = {
						CreatedOnToolsVersion = 13.4;
						TestTargetID = 206B068528710E4800569E59;
					};
				};
			};
			buildConfigurationList = 206B068128710E4800569E59 /* Build configuration list for PBXProject "SwiftUINavigation" */;
			compatibilityVersion = "Xcode 13.0";
			developmentRegion = en;
			hasScannedForEncodings = 0;
			knownRegions = (
				en,
				Base,
			);
			mainGroup = 206B067D28710E4800569E59;
			packageReferences = (
				20FF379A2871C6590072A803 /* XCRemoteSwiftPackageReference "swift-identified-collections" */,
				20FF37A1287201BE0072A803 /* XCRemoteSwiftPackageReference "swift-case-paths" */,
			);
			productRefGroup = 206B068728710E4800569E59 /* Products */;
			projectDirPath = "";
			projectRoot = "";
			targets = (
				206B068528710E4800569E59 /* SwiftUINavigation */,
				206B069528710E4C00569E59 /* SwiftUINavigationTests */,
				206B069F28710E4C00569E59 /* SwiftUINavigationUITests */,
			);
		};
/* End PBXProject section */

/* Begin PBXResourcesBuildPhase section */
		206B068428710E4800569E59 /* Resources */ = {
			isa = PBXResourcesBuildPhase;
			buildActionMask = 2147483647;
			files = (
				206B069128710E4B00569E59 /* Preview Assets.xcassets in Resources */,
				206B068E28710E4B00569E59 /* Assets.xcassets in Resources */,
			);
			runOnlyForDeploymentPostprocessing = 0;
		};
		206B069428710E4C00569E59 /* Resources */ = {
			isa = PBXResourcesBuildPhase;
			buildActionMask = 2147483647;
			files = (
			);
			runOnlyForDeploymentPostprocessing = 0;
		};
		206B069E28710E4C00569E59 /* Resources */ = {
			isa = PBXResourcesBuildPhase;
			buildActionMask = 2147483647;
			files = (
			);
			runOnlyForDeploymentPostprocessing = 0;
		};
/* End PBXResourcesBuildPhase section */

/* Begin PBXSourcesBuildPhase section */
		206B068228710E4800569E59 /* Sources */ = {
			isa = PBXSourcesBuildPhase;
			buildActionMask = 2147483647;
			files = (
				20FF37992871B79A0072A803 /* Inventory.swift in Sources */,
				20FF379E2871D1F00072A803 /* SwiftUIHelpers.swift in Sources */,
				206B068C28710E4800569E59 /* ContentView.swift in Sources */,
				20FF37A528723E960072A803 /* ItemRow.swift in Sources */,
				20FF37A02871EAD70072A803 /* ItemView.swift in Sources */,
				206B068A28710E4800569E59 /* SwiftUINavigationApp.swift in Sources */,
			);
			runOnlyForDeploymentPostprocessing = 0;
		};
		206B069228710E4C00569E59 /* Sources */ = {
			isa = PBXSourcesBuildPhase;
			buildActionMask = 2147483647;
			files = (
				206B069B28710E4C00569E59 /* SwiftUINavigationTests.swift in Sources */,
			);
			runOnlyForDeploymentPostprocessing = 0;
		};
		206B069C28710E4C00569E59 /* Sources */ = {
			isa = PBXSourcesBuildPhase;
			buildActionMask = 2147483647;
			files = (
				206B06A728710E4C00569E59 /* SwiftUINavigationUITestsLaunchTests.swift in Sources */,
				206B06A528710E4C00569E59 /* SwiftUINavigationUITests.swift in Sources */,
			);
			runOnlyForDeploymentPostprocessing = 0;
		};
/* End PBXSourcesBuildPhase section */

/* Begin PBXTargetDependency section */
		206B069828710E4C00569E59 /* PBXTargetDependency */ = {
			isa = PBXTargetDependency;
			target = 206B068528710E4800569E59 /* SwiftUINavigation */;
			targetProxy = 206B069728710E4C00569E59 /* PBXContainerItemProxy */;
		};
		206B06A228710E4C00569E59 /* PBXTargetDependency */ = {
			isa = PBXTargetDependency;
			target = 206B068528710E4800569E59 /* SwiftUINavigation */;
			targetProxy = 206B06A128710E4C00569E59 /* PBXContainerItemProxy */;
		};
/* End PBXTargetDependency section */

/* Begin XCBuildConfiguration section */
		206B06A828710E4C00569E59 /* Debug */ = {
			isa = XCBuildConfiguration;
			buildSettings = {
				ALWAYS_SEARCH_USER_PATHS = NO;
				CLANG_ANALYZER_NONNULL = YES;
				CLANG_ANALYZER_NUMBER_OBJECT_CONVERSION = YES_AGGRESSIVE;
				CLANG_CXX_LANGUAGE_STANDARD = "gnu++17";
				CLANG_ENABLE_MODULES = YES;
				CLANG_ENABLE_OBJC_ARC = YES;
				CLANG_ENABLE_OBJC_WEAK = YES;
				CLANG_WARN_BLOCK_CAPTURE_AUTORELEASING = YES;
				CLANG_WARN_BOOL_CONVERSION = YES;
				CLANG_WARN_COMMA = YES;
				CLANG_WARN_CONSTANT_CONVERSION = YES;
				CLANG_WARN_DEPRECATED_OBJC_IMPLEMENTATIONS = YES;
				CLANG_WARN_DIRECT_OBJC_ISA_USAGE = YES_ERROR;
				CLANG_WARN_DOCUMENTATION_COMMENTS = YES;
				CLANG_WARN_EMPTY_BODY = YES;
				CLANG_WARN_ENUM_CONVERSION = YES;
				CLANG_WARN_INFINITE_RECURSION = YES;
				CLANG_WARN_INT_CONVERSION = YES;
				CLANG_WARN_NON_LITERAL_NULL_CONVERSION = YES;
				CLANG_WARN_OBJC_IMPLICIT_RETAIN_SELF = YES;
				CLANG_WARN_OBJC_LITERAL_CONVERSION = YES;
				CLANG_WARN_OBJC_ROOT_CLASS = YES_ERROR;
				CLANG_WARN_QUOTED_INCLUDE_IN_FRAMEWORK_HEADER = YES;
				CLANG_WARN_RANGE_LOOP_ANALYSIS = YES;
				CLANG_WARN_STRICT_PROTOTYPES = YES;
				CLANG_WARN_SUSPICIOUS_MOVE = YES;
				CLANG_WARN_UNGUARDED_AVAILABILITY = YES_AGGRESSIVE;
				CLANG_WARN_UNREACHABLE_CODE = YES;
				CLANG_WARN__DUPLICATE_METHOD_MATCH = YES;
				COPY_PHASE_STRIP = NO;
				DEBUG_INFORMATION_FORMAT = dwarf;
				ENABLE_STRICT_OBJC_MSGSEND = YES;
				ENABLE_TESTABILITY = YES;
				GCC_C_LANGUAGE_STANDARD = gnu11;
				GCC_DYNAMIC_NO_PIC = NO;
				GCC_NO_COMMON_BLOCKS = YES;
				GCC_OPTIMIZATION_LEVEL = 0;
				GCC_PREPROCESSOR_DEFINITIONS = (
					"DEBUG=1",
					"$(inherited)",
				);
				GCC_WARN_64_TO_32_BIT_CONVERSION = YES;
				GCC_WARN_ABOUT_RETURN_TYPE = YES_ERROR;
				GCC_WARN_UNDECLARED_SELECTOR = YES;
				GCC_WARN_UNINITIALIZED_AUTOS = YES_AGGRESSIVE;
				GCC_WARN_UNUSED_FUNCTION = YES;
				GCC_WARN_UNUSED_VARIABLE = YES;
				IPHONEOS_DEPLOYMENT_TARGET = 15.5;
				MTL_ENABLE_DEBUG_INFO = INCLUDE_SOURCE;
				MTL_FAST_MATH = YES;
				ONLY_ACTIVE_ARCH = YES;
				SDKROOT = iphoneos;
				SWIFT_ACTIVE_COMPILATION_CONDITIONS = DEBUG;
				SWIFT_OPTIMIZATION_LEVEL = "-Onone";
			};
			name = Debug;
		};
		206B06A928710E4C00569E59 /* Release */ = {
			isa = XCBuildConfiguration;
			buildSettings = {
				ALWAYS_SEARCH_USER_PATHS = NO;
				CLANG_ANALYZER_NONNULL = YES;
				CLANG_ANALYZER_NUMBER_OBJECT_CONVERSION = YES_AGGRESSIVE;
				CLANG_CXX_LANGUAGE_STANDARD = "gnu++17";
				CLANG_ENABLE_MODULES = YES;
				CLANG_ENABLE_OBJC_ARC = YES;
				CLANG_ENABLE_OBJC_WEAK = YES;
				CLANG_WARN_BLOCK_CAPTURE_AUTORELEASING = YES;
				CLANG_WARN_BOOL_CONVERSION = YES;
				CLANG_WARN_COMMA = YES;
				CLANG_WARN_CONSTANT_CONVERSION = YES;
				CLANG_WARN_DEPRECATED_OBJC_IMPLEMENTATIONS = YES;
				CLANG_WARN_DIRECT_OBJC_ISA_USAGE = YES_ERROR;
				CLANG_WARN_DOCUMENTATION_COMMENTS = YES;
				CLANG_WARN_EMPTY_BODY = YES;
				CLANG_WARN_ENUM_CONVERSION = YES;
				CLANG_WARN_INFINITE_RECURSION = YES;
				CLANG_WARN_INT_CONVERSION = YES;
				CLANG_WARN_NON_LITERAL_NULL_CONVERSION = YES;
				CLANG_WARN_OBJC_IMPLICIT_RETAIN_SELF = YES;
				CLANG_WARN_OBJC_LITERAL_CONVERSION = YES;
				CLANG_WARN_OBJC_ROOT_CLASS = YES_ERROR;
				CLANG_WARN_QUOTED_INCLUDE_IN_FRAMEWORK_HEADER = YES;
				CLANG_WARN_RANGE_LOOP_ANALYSIS = YES;
				CLANG_WARN_STRICT_PROTOTYPES = YES;
				CLANG_WARN_SUSPICIOUS_MOVE = YES;
				CLANG_WARN_UNGUARDED_AVAILABILITY = YES_AGGRESSIVE;
				CLANG_WARN_UNREACHABLE_CODE = YES;
				CLANG_WARN__DUPLICATE_METHOD_MATCH = YES;
				COPY_PHASE_STRIP = NO;
				DEBUG_INFORMATION_FORMAT = "dwarf-with-dsym";
				ENABLE_NS_ASSERTIONS = NO;
				ENABLE_STRICT_OBJC_MSGSEND = YES;
				GCC_C_LANGUAGE_STANDARD = gnu11;
				GCC_NO_COMMON_BLOCKS = YES;
				GCC_WARN_64_TO_32_BIT_CONVERSION = YES;
				GCC_WARN_ABOUT_RETURN_TYPE = YES_ERROR;
				GCC_WARN_UNDECLARED_SELECTOR = YES;
				GCC_WARN_UNINITIALIZED_AUTOS = YES_AGGRESSIVE;
				GCC_WARN_UNUSED_FUNCTION = YES;
				GCC_WARN_UNUSED_VARIABLE = YES;
				IPHONEOS_DEPLOYMENT_TARGET = 15.5;
				MTL_ENABLE_DEBUG_INFO = NO;
				MTL_FAST_MATH = YES;
				SDKROOT = iphoneos;
				SWIFT_COMPILATION_MODE = wholemodule;
				SWIFT_OPTIMIZATION_LEVEL = "-O";
				VALIDATE_PRODUCT = YES;
			};
			name = Release;
		};
		206B06AB28710E4C00569E59 /* Debug */ = {
			isa = XCBuildConfiguration;
			buildSettings = {
				ASSETCATALOG_COMPILER_APPICON_NAME = AppIcon;
				ASSETCATALOG_COMPILER_GLOBAL_ACCENT_COLOR_NAME = AccentColor;
				CODE_SIGN_STYLE = Automatic;
				CURRENT_PROJECT_VERSION = 1;
				DEVELOPMENT_ASSET_PATHS = "\"SwiftUINavigation/Preview Content\"";
				DEVELOPMENT_TEAM = J8A5ZAM5GV;
				ENABLE_PREVIEWS = YES;
				GENERATE_INFOPLIST_FILE = YES;
				INFOPLIST_KEY_UIApplicationSceneManifest_Generation = YES;
				INFOPLIST_KEY_UIApplicationSupportsIndirectInputEvents = YES;
				INFOPLIST_KEY_UILaunchScreen_Generation = YES;
				INFOPLIST_KEY_UISupportedInterfaceOrientations_iPad = "UIInterfaceOrientationPortrait UIInterfaceOrientationPortraitUpsideDown UIInterfaceOrientationLandscapeLeft UIInterfaceOrientationLandscapeRight";
				INFOPLIST_KEY_UISupportedInterfaceOrientations_iPhone = "UIInterfaceOrientationPortrait UIInterfaceOrientationLandscapeLeft UIInterfaceOrientationLandscapeRight";
				LD_RUNPATH_SEARCH_PATHS = (
					"$(inherited)",
					"@executable_path/Frameworks",
				);
				MARKETING_VERSION = 1.0;
				PRODUCT_BUNDLE_IDENTIFIER = com.oluwatobiomotayo.SwiftUINavigation;
				PRODUCT_NAME = "$(TARGET_NAME)";
				SWIFT_EMIT_LOC_STRINGS = YES;
				SWIFT_VERSION = 5.0;
				TARGETED_DEVICE_FAMILY = "1,2";
			};
			name = Debug;
		};
		206B06AC28710E4C00569E59 /* Release */ = {
			isa = XCBuildConfiguration;
			buildSettings = {
				ASSETCATALOG_COMPILER_APPICON_NAME = AppIcon;
				ASSETCATALOG_COMPILER_GLOBAL_ACCENT_COLOR_NAME = AccentColor;
				CODE_SIGN_STYLE = Automatic;
				CURRENT_PROJECT_VERSION = 1;
				DEVELOPMENT_ASSET_PATHS = "\"SwiftUINavigation/Preview Content\"";
				DEVELOPMENT_TEAM = J8A5ZAM5GV;
				ENABLE_PREVIEWS = YES;
				GENERATE_INFOPLIST_FILE = YES;
				INFOPLIST_KEY_UIApplicationSceneManifest_Generation = YES;
				INFOPLIST_KEY_UIApplicationSupportsIndirectInputEvents = YES;
				INFOPLIST_KEY_UILaunchScreen_Generation = YES;
				INFOPLIST_KEY_UISupportedInterfaceOrientations_iPad = "UIInterfaceOrientationPortrait UIInterfaceOrientationPortraitUpsideDown UIInterfaceOrientationLandscapeLeft UIInterfaceOrientationLandscapeRight";
				INFOPLIST_KEY_UISupportedInterfaceOrientations_iPhone = "UIInterfaceOrientationPortrait UIInterfaceOrientationLandscapeLeft UIInterfaceOrientationLandscapeRight";
				LD_RUNPATH_SEARCH_PATHS = (
					"$(inherited)",
					"@executable_path/Frameworks",
				);
				MARKETING_VERSION = 1.0;
				PRODUCT_BUNDLE_IDENTIFIER = com.oluwatobiomotayo.SwiftUINavigation;
				PRODUCT_NAME = "$(TARGET_NAME)";
				SWIFT_EMIT_LOC_STRINGS = YES;
				SWIFT_VERSION = 5.0;
				TARGETED_DEVICE_FAMILY = "1,2";
			};
			name = Release;
		};
		206B06AE28710E4C00569E59 /* Debug */ = {
			isa = XCBuildConfiguration;
			buildSettings = {
				ALWAYS_EMBED_SWIFT_STANDARD_LIBRARIES = YES;
				BUNDLE_LOADER = "$(TEST_HOST)";
				CODE_SIGN_STYLE = Automatic;
				CURRENT_PROJECT_VERSION = 1;
				DEVELOPMENT_TEAM = J8A5ZAM5GV;
				GENERATE_INFOPLIST_FILE = YES;
				IPHONEOS_DEPLOYMENT_TARGET = 15.5;
				MARKETING_VERSION = 1.0;
				PRODUCT_BUNDLE_IDENTIFIER = com.oluwatobiomotayo.SwiftUINavigationTests;
				PRODUCT_NAME = "$(TARGET_NAME)";
				SWIFT_EMIT_LOC_STRINGS = NO;
				SWIFT_VERSION = 5.0;
				TARGETED_DEVICE_FAMILY = "1,2";
				TEST_HOST = "$(BUILT_PRODUCTS_DIR)/SwiftUINavigation.app/SwiftUINavigation";
			};
			name = Debug;
		};
		206B06AF28710E4C00569E59 /* Release */ = {
			isa = XCBuildConfiguration;
			buildSettings = {
				ALWAYS_EMBED_SWIFT_STANDARD_LIBRARIES = YES;
				BUNDLE_LOADER = "$(TEST_HOST)";
				CODE_SIGN_STYLE = Automatic;
				CURRENT_PROJECT_VERSION = 1;
				DEVELOPMENT_TEAM = J8A5ZAM5GV;
				GENERATE_INFOPLIST_FILE = YES;
				IPHONEOS_DEPLOYMENT_TARGET = 15.5;
				MARKETING_VERSION = 1.0;
				PRODUCT_BUNDLE_IDENTIFIER = com.oluwatobiomotayo.SwiftUINavigationTests;
				PRODUCT_NAME = "$(TARGET_NAME)";
				SWIFT_EMIT_LOC_STRINGS = NO;
				SWIFT_VERSION = 5.0;
				TARGETED_DEVICE_FAMILY = "1,2";
				TEST_HOST = "$(BUILT_PRODUCTS_DIR)/SwiftUINavigation.app/SwiftUINavigation";
			};
			name = Release;
		};
		206B06B128710E4C00569E59 /* Debug */ = {
			isa = XCBuildConfiguration;
			buildSettings = {
				ALWAYS_EMBED_SWIFT_STANDARD_LIBRARIES = YES;
				CODE_SIGN_STYLE = Automatic;
				CURRENT_PROJECT_VERSION = 1;
				DEVELOPMENT_TEAM = J8A5ZAM5GV;
				GENERATE_INFOPLIST_FILE = YES;
				MARKETING_VERSION = 1.0;
				PRODUCT_BUNDLE_IDENTIFIER = com.oluwatobiomotayo.SwiftUINavigationUITests;
				PRODUCT_NAME = "$(TARGET_NAME)";
				SWIFT_EMIT_LOC_STRINGS = NO;
				SWIFT_VERSION = 5.0;
				TARGETED_DEVICE_FAMILY = "1,2";
				TEST_TARGET_NAME = SwiftUINavigation;
			};
			name = Debug;
		};
		206B06B228710E4C00569E59 /* Release */ = {
			isa = XCBuildConfiguration;
			buildSettings = {
				ALWAYS_EMBED_SWIFT_STANDARD_LIBRARIES = YES;
				CODE_SIGN_STYLE = Automatic;
				CURRENT_PROJECT_VERSION = 1;
				DEVELOPMENT_TEAM = J8A5ZAM5GV;
				GENERATE_INFOPLIST_FILE = YES;
				MARKETING_VERSION = 1.0;
				PRODUCT_BUNDLE_IDENTIFIER = com.oluwatobiomotayo.SwiftUINavigationUITests;
				PRODUCT_NAME = "$(TARGET_NAME)";
				SWIFT_EMIT_LOC_STRINGS = NO;
				SWIFT_VERSION = 5.0;
				TARGETED_DEVICE_FAMILY = "1,2";
				TEST_TARGET_NAME = SwiftUINavigation;
			};
			name = Release;
		};
/* End XCBuildConfiguration section */

/* Begin XCConfigurationList section */
		206B068128710E4800569E59 /* Build configuration list for PBXProject "SwiftUINavigation" */ = {
			isa = XCConfigurationList;
			buildConfigurations = (
				206B06A828710E4C00569E59 /* Debug */,
				206B06A928710E4C00569E59 /* Release */,
			);
			defaultConfigurationIsVisible = 0;
			defaultConfigurationName = Release;
		};
		206B06AA28710E4C00569E59 /* Build configuration list for PBXNativeTarget "SwiftUINavigation" */ = {
			isa = XCConfigurationList;
			buildConfigurations = (
				206B06AB28710E4C00569E59 /* Debug */,
				206B06AC28710E4C00569E59 /* Release */,
			);
			defaultConfigurationIsVisible = 0;
			defaultConfigurationName = Release;
		};
		206B06AD28710E4C00569E59 /* Build configuration list for PBXNativeTarget "SwiftUINavigationTests" */ = {
			isa = XCConfigurationList;
			buildConfigurations = (
				206B06AE28710E4C00569E59 /* Debug */,
				206B06AF28710E4C00569E59 /* Release */,
			);
			defaultConfigurationIsVisible = 0;
			defaultConfigurationName = Release;
		};
		206B06B028710E4C00569E59 /* Build configuration list for PBXNativeTarget "SwiftUINavigationUITests" */ = {
			isa = XCConfigurationList;
			buildConfigurations = (
				206B06B128710E4C00569E59 /* Debug */,
				206B06B228710E4C00569E59 /* Release */,
			);
			defaultConfigurationIsVisible = 0;
			defaultConfigurationName = Release;
		};
/* End XCConfigurationList section */

/* Begin XCRemoteSwiftPackageReference section */
		20FF379A2871C6590072A803 /* XCRemoteSwiftPackageReference "swift-identified-collections" */ = {
			isa = XCRemoteSwiftPackageReference;
			repositoryURL = "https://github.com/pointfreeco/swift-identified-collections";
			requirement = {
				kind = upToNextMajorVersion;
				minimumVersion = 0.4.0;
			};
		};
		20FF37A1287201BE0072A803 /* XCRemoteSwiftPackageReference "swift-case-paths" */ = {
			isa = XCRemoteSwiftPackageReference;
			repositoryURL = "https://github.com/pointfreeco/swift-case-paths";
			requirement = {
				kind = upToNextMajorVersion;
				minimumVersion = 0.9.0;
			};
		};
/* End XCRemoteSwiftPackageReference section */

/* Begin XCSwiftPackageProductDependency section */
		20FF379B2871C6590072A803 /* IdentifiedCollections */ = {
			isa = XCSwiftPackageProductDependency;
			package = 20FF379A2871C6590072A803 /* XCRemoteSwiftPackageReference "swift-identified-collections" */;
			productName = IdentifiedCollections;
		};
		20FF37A2287201BE0072A803 /* CasePaths */ = {
			isa = XCSwiftPackageProductDependency;
			package = 20FF37A1287201BE0072A803 /* XCRemoteSwiftPackageReference "swift-case-paths" */;
			productName = CasePaths;
		};
/* End XCSwiftPackageProductDependency section */
	};
	rootObject = 206B067E28710E4800569E59 /* Project object */;
}
